dependencies:
  espressif/mdns:
    component_hash: 31117d76cae83a6d83ffd7f035f6fdae5bd05b914fc30b641afeb208b84de19a
    source:
      service_url: https://api.components.espressif.com/
      type: service
    version: 1.3.2
  idf:
    component_hash: null
    source:
      type: idf
    version: 5.2.1
manifest_hash: 5e3634aaa88d7037545e1a099efb65349bdce3fc6fefbbf69127130ddb51c6cb
target: esp32
version: 1.0.0
